// !$*UTF8*$!
{
	archiveVersion = 1;
	classes = {
	};
	objectVersion = 56;
	objects = {

/* Begin PBXBuildFile section */
		C33794962D00567300B1A5C3 /* AppDelegate.swift in Sources */ = {isa = PBXBuildFile; fileRef = C33794952D00567300B1A5C3 /* AppDelegate.swift */; };
		C33794982D00567300B1A5C3 /* SceneDelegate.swift in Sources */ = {isa = PBXBuildFile; fileRef = C33794972D00567300B1A5C3 /* SceneDelegate.swift */; };
		C337949A2D00567300B1A5C3 /* ViewController.swift in Sources */ = {isa = PBXBuildFile; fileRef = C33794992D00567300B1A5C3 /* ViewController.swift */; };
		C337949D2D00567300B1A5C3 /* Main.storyboard in Resources */ = {isa = PBXBuildFile; fileRef = C337949B2D00567300B1A5C3 /* Main.storyboard */; };
		C337949F2D00567500B1A5C3 /* Assets.xcassets in Resources */ = {isa = PBXBuildFile; fileRef = C337949E2D00567500B1A5C3 /* Assets.xcassets */; };
		C33794A22D00567500B1A5C3 /* LaunchScreen.storyboard in Resources */ = {isa = PBXBuildFile; fileRef = C33794A02D00567500B1A5C3 /* LaunchScreen.storyboard */; };
		C33794AD2D00567500B1A5C3 /* ForsaTests.swift in Sources */ = {isa = PBXBuildFile; fileRef = C33794AC2D00567500B1A5C3 /* ForsaTests.swift */; };
		C33794B72D00567500B1A5C3 /* ForsaUITests.swift in Sources */ = {isa = PBXBuildFile; fileRef = C33794B62D00567500B1A5C3 /* ForsaUITests.swift */; };
		C33794B92D00567500B1A5C3 /* ForsaUITestsLaunchTests.swift in Sources */ = {isa = PBXBuildFile; fileRef = C33794B82D00567500B1A5C3 /* ForsaUITestsLaunchTests.swift */; };
/* End PBXBuildFile section */

/* Begin PBXContainerItemProxy section */
		C33794A92D00567500B1A5C3 /* PBXContainerItemProxy */ = {
			isa = PBXContainerItemProxy;
			containerPortal = C337948A2D00567300B1A5C3 /* Project object */;
			proxyType = 1;
			remoteGlobalIDString = C33794912D00567300B1A5C3;
			remoteInfo = Forsa;
		};
		C33794B32D00567500B1A5C3 /* PBXContainerItemProxy */ = {
			isa = PBXContainerItemProxy;
			containerPortal = C337948A2D00567300B1A5C3 /* Project object */;
			proxyType = 1;
			remoteGlobalIDString = C33794912D00567300B1A5C3;
			remoteInfo = Forsa;
		};
/* End PBXContainerItemProxy section */

/* Begin PBXFileReference section */
		C33794922D00567300B1A5C3 /* Forsa.app */ = {isa = PBXFileReference; explicitFileType = wrapper.application; includeInIndex = 0; path = Forsa.app; sourceTree = BUILT_PRODUCTS_DIR; };
		C33794952D00567300B1A5C3 /* AppDelegate.swift */ = {isa = PBXFileReference; lastKnownFileType = sourcecode.swift; path = AppDelegate.swift; sourceTree = "<group>"; };
		C33794972D00567300B1A5C3 /* SceneDelegate.swift */ = {isa = PBXFileReference; lastKnownFileType = sourcecode.swift; path = SceneDelegate.swift; sourceTree = "<group>"; };
		C33794992D00567300B1A5C3 /* ViewController.swift */ = {isa = PBXFileReference; lastKnownFileType = sourcecode.swift; path = ViewController.swift; sourceTree = "<group>"; };
		C337949C2D00567300B1A5C3 /* Base */ = {isa = PBXFileReference; lastKnownFileType = file.storyboard; name = Base; path = Base.lproj/Main.storyboard; sourceTree = "<group>"; };
		C337949E2D00567500B1A5C3 /* Assets.xcassets */ = {isa = PBXFileReference; lastKnownFileType = folder.assetcatalog; path = Assets.xcassets; sourceTree = "<group>"; };
		C33794A12D00567500B1A5C3 /* Base */ = {isa = PBXFileReference; lastKnownFileType = file.storyboard; name = Base; path = Base.lproj/LaunchScreen.storyboard; sourceTree = "<group>"; };
		C33794A32D00567500B1A5C3 /* Info.plist */ = {isa = PBXFileReference; lastKnownFileType = text.plist.xml; path = Info.plist; sourceTree = "<group>"; };
		C33794A82D00567500B1A5C3 /* ForsaTests.xctest */ = {isa = PBXFileReference; explicitFileType = wrapper.cfbundle; includeInIndex = 0; path = ForsaTests.xctest; sourceTree = BUILT_PRODUCTS_DIR; };
		C33794AC2D00567500B1A5C3 /* ForsaTests.swift */ = {isa = PBXFileReference; lastKnownFileType = sourcecode.swift; path = ForsaTests.swift; sourceTree = "<group>"; };
		C33794B22D00567500B1A5C3 /* ForsaUITests.xctest */ = {isa = PBXFileReference; explicitFileType = wrapper.cfbundle; includeInIndex = 0; path = ForsaUITests.xctest; sourceTree = BUILT_PRODUCTS_DIR; };
		C33794B62D00567500B1A5C3 /* ForsaUITests.swift */ = {isa = PBXFileReference; lastKnownFileType = sourcecode.swift; path = ForsaUITests.swift; sourceTree = "<group>"; };
		C33794B82D00567500B1A5C3 /* ForsaUITestsLaunchTests.swift */ = {isa = PBXFileReference; lastKnownFileType = sourcecode.swift; path = ForsaUITestsLaunchTests.swift; sourceTree = "<group>"; };
/* End PBXFileReference section */

/* Begin PBXFrameworksBuildPhase section */
		C337948F2D00567300B1A5C3 /* Frameworks */ = {
			isa = PBXFrameworksBuildPhase;
			buildActionMask = 2147483647;
			files = (
			);
			runOnlyForDeploymentPostprocessing = 0;
		};
		C33794A52D00567500B1A5C3 /* Frameworks */ = {
			isa = PBXFrameworksBuildPhase;
			buildActionMask = 2147483647;
			files = (
			);
			runOnlyForDeploymentPostprocessing = 0;
		};
		C33794AF2D00567500B1A5C3 /* Frameworks */ = {
			isa = PBXFrameworksBuildPhase;
			buildActionMask = 2147483647;
			files = (
			);
			runOnlyForDeploymentPostprocessing = 0;
		};
/* End PBXFrameworksBuildPhase section */

/* Begin PBXGroup section */
		C33794892D00567300B1A5C3 = {
			isa = PBXGroup;
			children = (
				C33794942D00567300B1A5C3 /* Forsa */,
				C33794AB2D00567500B1A5C3 /* ForsaTests */,
				C33794B52D00567500B1A5C3 /* ForsaUITests */,
				C33794932D00567300B1A5C3 /* Products */,
			);
			sourceTree = "<group>";
		};
		C33794932D00567300B1A5C3 /* Products */ = {
			isa = PBXGroup;
			children = (
				C33794922D00567300B1A5C3 /* Forsa.app */,
				C33794A82D00567500B1A5C3 /* ForsaTests.xctest */,
				C33794B22D00567500B1A5C3 /* ForsaUITests.xctest */,
			);
			name = Products;
			sourceTree = "<group>";
		};
		C33794942D00567300B1A5C3 /* Forsa */ = {
			isa = PBXGroup;
			children = (
				C33794952D00567300B1A5C3 /* AppDelegate.swift */,
				C33794972D00567300B1A5C3 /* SceneDelegate.swift */,
				C33794992D00567300B1A5C3 /* ViewController.swift */,
				C337949B2D00567300B1A5C3 /* Main.storyboard */,
				C337949E2D00567500B1A5C3 /* Assets.xcassets */,
				C33794A02D00567500B1A5C3 /* LaunchScreen.storyboard */,
				C33794A32D00567500B1A5C3 /* Info.plist */,
			);
			path = Forsa;
			sourceTree = "<group>";
		};
		C33794AB2D00567500B1A5C3 /* ForsaTests */ = {
			isa = PBXGroup;
			children = (
				C33794AC2D00567500B1A5C3 /* ForsaTests.swift */,
			);
			path = ForsaTests;
			sourceTree = "<group>";
		};
		C33794B52D00567500B1A5C3 /* ForsaUITests */ = {
			isa = PBXGroup;
			children = (
				C33794B62D00567500B1A5C3 /* ForsaUITests.swift */,
				C33794B82D00567500B1A5C3 /* ForsaUITestsLaunchTests.swift */,
			);
			path = ForsaUITests;
			sourceTree = "<group>";
		};
/* End PBXGroup section */

/* Begin PBXNativeTarget section */
		C33794912D00567300B1A5C3 /* Forsa */ = {
			isa = PBXNativeTarget;
			buildConfigurationList = C33794BC2D00567500B1A5C3 /* Build configuration list for PBXNativeTarget "Forsa" */;
			buildPhases = (
				C337948E2D00567300B1A5C3 /* Sources */,
				C337948F2D00567300B1A5C3 /* Frameworks */,
				C33794902D00567300B1A5C3 /* Resources */,
			);
			buildRules = (
			);
			dependencies = (
			);
			name = Forsa;
			productName = Forsa;
			productReference = C33794922D00567300B1A5C3 /* Forsa.app */;
			productType = "com.apple.product-type.application";
		};
		C33794A72D00567500B1A5C3 /* ForsaTests */ = {
			isa = PBXNativeTarget;
			buildConfigurationList = C33794BF2D00567500B1A5C3 /* Build configuration list for PBXNativeTarget "ForsaTests" */;
			buildPhases = (
				C33794A42D00567500B1A5C3 /* Sources */,
				C33794A52D00567500B1A5C3 /* Frameworks */,
				C33794A62D00567500B1A5C3 /* Resources */,
			);
			buildRules = (
			);
			dependencies = (
				C33794AA2D00567500B1A5C3 /* PBXTargetDependency */,
			);
			name = ForsaTests;
			productName = ForsaTests;
			productReference = C33794A82D00567500B1A5C3 /* ForsaTests.xctest */;
			productType = "com.apple.product-type.bundle.unit-test";
		};
		C33794B12D00567500B1A5C3 /* ForsaUITests */ = {
			isa = PBXNativeTarget;
			buildConfigurationList = C33794C22D00567500B1A5C3 /* Build configuration list for PBXNativeTarget "ForsaUITests" */;
			buildPhases = (
				C33794AE2D00567500B1A5C3 /* Sources */,
				C33794AF2D00567500B1A5C3 /* Frameworks */,
				C33794B02D00567500B1A5C3 /* Resources */,
			);
			buildRules = (
			);
			dependencies = (
				C33794B42D00567500B1A5C3 /* PBXTargetDependency */,
			);
			name = ForsaUITests;
			productName = ForsaUITests;
			productReference = C33794B22D00567500B1A5C3 /* ForsaUITests.xctest */;
			productType = "com.apple.product-type.bundle.ui-testing";
		};
/* End PBXNativeTarget section */

/* Begin PBXProject section */
		C337948A2D00567300B1A5C3 /* Project object */ = {
			isa = PBXProject;
			attributes = {
				BuildIndependentTargetsInParallel = 1;
				LastSwiftUpdateCheck = 1520;
				LastUpgradeCheck = 1520;
				TargetAttributes = {
					C33794912D00567300B1A5C3 = {
						CreatedOnToolsVersion = 15.2;
					};
					C33794A72D00567500B1A5C3 = {
						CreatedOnToolsVersion = 15.2;
						TestTargetID = C33794912D00567300B1A5C3;
					};
					C33794B12D00567500B1A5C3 = {
						CreatedOnToolsVersion = 15.2;
						TestTargetID = C33794912D00567300B1A5C3;
					};
				};
			};
			buildConfigurationList = C337948D2D00567300B1A5C3 /* Build configuration list for PBXProject "Forsa" */;
			compatibilityVersion = "Xcode 14.0";
			developmentRegion = en;
			hasScannedForEncodings = 0;
			knownRegions = (
				en,
				Base,
			);
			mainGroup = C33794892D00567300B1A5C3;
			productRefGroup = C33794932D00567300B1A5C3 /* Products */;
			projectDirPath = "";
			projectRoot = "";
			targets = (
				C33794912D00567300B1A5C3 /* Forsa */,
				C33794A72D00567500B1A5C3 /* ForsaTests */,
				C33794B12D00567500B1A5C3 /* ForsaUITests */,
			);
		};
/* End PBXProject section */

/* Begin PBXResourcesBuildPhase section */
		C33794902D00567300B1A5C3 /* Resources */ = {
			isa = PBXResourcesBuildPhase;
			buildActionMask = 2147483647;
			files = (
				C33794A22D00567500B1A5C3 /* LaunchScreen.storyboard in Resources */,
				C337949F2D00567500B1A5C3 /* Assets.xcassets in Resources */,
				C337949D2D00567300B1A5C3 /* Main.storyboard in Resources */,
			);
			runOnlyForDeploymentPostprocessing = 0;
		};
		C33794A62D00567500B1A5C3 /* Resources */ = {
			isa = PBXResourcesBuildPhase;
			buildActionMask = 2147483647;
			files = (
			);
			runOnlyForDeploymentPostprocessing = 0;
		};
		C33794B02D00567500B1A5C3 /* Resources */ = {
			isa = PBXResourcesBuildPhase;
			buildActionMask = 2147483647;
			files = (
			);
			runOnlyForDeploymentPostprocessing = 0;
		};
/* End PBXResourcesBuildPhase section */

/* Begin PBXSourcesBuildPhase section */
		C337948E2D00567300B1A5C3 /* Sources */ = {
			isa = PBXSourcesBuildPhase;
			buildActionMask = 2147483647;
			files = (
				C337949A2D00567300B1A5C3 /* ViewController.swift in Sources */,
				C33794962D00567300B1A5C3 /* AppDelegate.swift in Sources */,
				C33794982D00567300B1A5C3 /* SceneDelegate.swift in Sources */,
			);
			runOnlyForDeploymentPostprocessing = 0;
		};
		C33794A42D00567500B1A5C3 /* Sources */ = {
			isa = PBXSourcesBuildPhase;
			buildActionMask = 2147483647;
			files = (
				C33794AD2D00567500B1A5C3 /* ForsaTests.swift in Sources */,
			);
			runOnlyForDeploymentPostprocessing = 0;
		};
		C33794AE2D00567500B1A5C3 /* Sources */ = {
			isa = PBXSourcesBuildPhase;
			buildActionMask = 2147483647;
			files = (
				C33794B92D00567500B1A5C3 /* ForsaUITestsLaunchTests.swift in Sources */,
				C33794B72D00567500B1A5C3 /* ForsaUITests.swift in Sources */,
			);
			runOnlyForDeploymentPostprocessing = 0;
		};
/* End PBXSourcesBuildPhase section */

/* Begin PBXTargetDependency section */
		C33794AA2D00567500B1A5C3 /* PBXTargetDependency */ = {
			isa = PBXTargetDependency;
			target = C33794912D00567300B1A5C3 /* Forsa */;
			targetProxy = C33794A92D00567500B1A5C3 /* PBXContainerItemProxy */;
		};
		C33794B42D00567500B1A5C3 /* PBXTargetDependency */ = {
			isa = PBXTargetDependency;
			target = C33794912D00567300B1A5C3 /* Forsa */;
			targetProxy = C33794B32D00567500B1A5C3 /* PBXContainerItemProxy */;
		};
/* End PBXTargetDependency section */

/* Begin PBXVariantGroup section */
		C337949B2D00567300B1A5C3 /* Main.storyboard */ = {
			isa = PBXVariantGroup;
			children = (
				C337949C2D00567300B1A5C3 /* Base */,
			);
			name = Main.storyboard;
			sourceTree = "<group>";
		};
		C33794A02D00567500B1A5C3 /* LaunchScreen.storyboard */ = {
			isa = PBXVariantGroup;
			children = (
				C33794A12D00567500B1A5C3 /* Base */,
			);
			name = LaunchScreen.storyboard;
			sourceTree = "<group>";
		};
/* End PBXVariantGroup section */

/* Begin XCBuildConfiguration section */
		C33794BA2D00567500B1A5C3 /* Debug */ = {
			isa = XCBuildConfiguration;
			buildSettings = {
				ALWAYS_SEARCH_USER_PATHS = NO;
				ASSETCATALOG_COMPILER_GENERATE_SWIFT_ASSET_SYMBOL_EXTENSIONS = YES;
				CLANG_ANALYZER_NONNULL = YES;
				CLANG_ANALYZER_NUMBER_OBJECT_CONVERSION = YES_AGGRESSIVE;
				CLANG_CXX_LANGUAGE_STANDARD = "gnu++20";
				CLANG_ENABLE_MODULES = YES;
				CLANG_ENABLE_OBJC_ARC = YES;
				CLANG_ENABLE_OBJC_WEAK = YES;
				CLANG_WARN_BLOCK_CAPTURE_AUTORELEASING = YES;
				CLANG_WARN_BOOL_CONVERSION = YES;
				CLANG_WARN_COMMA = YES;
				CLANG_WARN_CONSTANT_CONVERSION = YES;
				CLANG_WARN_DEPRECATED_OBJC_IMPLEMENTATIONS = YES;
				CLANG_WARN_DIRECT_OBJC_ISA_USAGE = YES_ERROR;
				CLANG_WARN_DOCUMENTATION_COMMENTS = YES;
				CLANG_WARN_EMPTY_BODY = YES;
				CLANG_WARN_ENUM_CONVERSION = YES;
				CLANG_WARN_INFINITE_RECURSION = YES;
				CLANG_WARN_INT_CONVERSION = YES;
				CLANG_WARN_NON_LITERAL_NULL_CONVERSION = YES;
				CLANG_WARN_OBJC_IMPLICIT_RETAIN_SELF = YES;
				CLANG_WARN_OBJC_LITERAL_CONVERSION = YES;
				CLANG_WARN_OBJC_ROOT_CLASS = YES_ERROR;
				CLANG_WARN_QUOTED_INCLUDE_IN_FRAMEWORK_HEADER = YES;
				CLANG_WARN_RANGE_LOOP_ANALYSIS = YES;
				CLANG_WARN_STRICT_PROTOTYPES = YES;
				CLANG_WARN_SUSPICIOUS_MOVE = YES;
				CLANG_WARN_UNGUARDED_AVAILABILITY = YES_AGGRESSIVE;
				CLANG_WARN_UNREACHABLE_CODE = YES;
				CLANG_WARN__DUPLICATE_METHOD_MATCH = YES;
				COPY_PHASE_STRIP = NO;
				DEBUG_INFORMATION_FORMAT = dwarf;
				ENABLE_STRICT_OBJC_MSGSEND = YES;
				ENABLE_TESTABILITY = YES;
				ENABLE_USER_SCRIPT_SANDBOXING = YES;
				GCC_C_LANGUAGE_STANDARD = gnu17;
				GCC_DYNAMIC_NO_PIC = NO;
				GCC_NO_COMMON_BLOCKS = YES;
				GCC_OPTIMIZATION_LEVEL = 0;
				GCC_PREPROCESSOR_DEFINITIONS = (
					"DEBUG=1",
					"$(inherited)",
				);
				GCC_WARN_64_TO_32_BIT_CONVERSION = YES;
				GCC_WARN_ABOUT_RETURN_TYPE = YES_ERROR;
				GCC_WARN_UNDECLARED_SELECTOR = YES;
				GCC_WARN_UNINITIALIZED_AUTOS = YES_AGGRESSIVE;
				GCC_WARN_UNUSED_FUNCTION = YES;
				GCC_WARN_UNUSED_VARIABLE = YES;
				IPHONEOS_DEPLOYMENT_TARGET = 17.2;
				LOCALIZATION_PREFERS_STRING_CATALOGS = YES;
				MTL_ENABLE_DEBUG_INFO = INCLUDE_SOURCE;
				MTL_FAST_MATH = YES;
				ONLY_ACTIVE_ARCH = YES;
				SDKROOT = iphoneos;
				SWIFT_ACTIVE_COMPILATION_CONDITIONS = "DEBUG $(inherited)";
				SWIFT_OPTIMIZATION_LEVEL = "-Onone";
			};
			name = Debug;
		};
		C33794BB2D00567500B1A5C3 /* Release */ = {
			isa = XCBuildConfiguration;
			buildSettings = {
				ALWAYS_SEARCH_USER_PATHS = NO;
				ASSETCATALOG_COMPILER_GENERATE_SWIFT_ASSET_SYMBOL_EXTENSIONS = YES;
				CLANG_ANALYZER_NONNULL = YES;
				CLANG_ANALYZER_NUMBER_OBJECT_CONVERSION = YES_AGGRESSIVE;
				CLANG_CXX_LANGUAGE_STANDARD = "gnu++20";
				CLANG_ENABLE_MODULES = YES;
				CLANG_ENABLE_OBJC_ARC = YES;
				CLANG_ENABLE_OBJC_WEAK = YES;
				CLANG_WARN_BLOCK_CAPTURE_AUTORELEASING = YES;
				CLANG_WARN_BOOL_CONVERSION = YES;
				CLANG_WARN_COMMA = YES;
				CLANG_WARN_CONSTANT_CONVERSION = YES;
				CLANG_WARN_DEPRECATED_OBJC_IMPLEMENTATIONS = YES;
				CLANG_WARN_DIRECT_OBJC_ISA_USAGE = YES_ERROR;
				CLANG_WARN_DOCUMENTATION_COMMENTS = YES;
				CLANG_WARN_EMPTY_BODY = YES;
				CLANG_WARN_ENUM_CONVERSION = YES;
				CLANG_WARN_INFINITE_RECURSION = YES;
				CLANG_WARN_INT_CONVERSION = YES;
				CLANG_WARN_NON_LITERAL_NULL_CONVERSION = YES;
				CLANG_WARN_OBJC_IMPLICIT_RETAIN_SELF = YES;
				CLANG_WARN_OBJC_LITERAL_CONVERSION = YES;
				CLANG_WARN_OBJC_ROOT_CLASS = YES_ERROR;
				CLANG_WARN_QUOTED_INCLUDE_IN_FRAMEWORK_HEADER = YES;
				CLANG_WARN_RANGE_LOOP_ANALYSIS = YES;
				CLANG_WARN_STRICT_PROTOTYPES = YES;
				CLANG_WARN_SUSPICIOUS_MOVE = YES;
				CLANG_WARN_UNGUARDED_AVAILABILITY = YES_AGGRESSIVE;
				CLANG_WARN_UNREACHABLE_CODE = YES;
				CLANG_WARN__DUPLICATE_METHOD_MATCH = YES;
				COPY_PHASE_STRIP = NO;
				DEBUG_INFORMATION_FORMAT = "dwarf-with-dsym";
				ENABLE_NS_ASSERTIONS = NO;
				ENABLE_STRICT_OBJC_MSGSEND = YES;
				ENABLE_USER_SCRIPT_SANDBOXING = YES;
				GCC_C_LANGUAGE_STANDARD = gnu17;
				GCC_NO_COMMON_BLOCKS = YES;
				GCC_WARN_64_TO_32_BIT_CONVERSION = YES;
				GCC_WARN_ABOUT_RETURN_TYPE = YES_ERROR;
				GCC_WARN_UNDECLARED_SELECTOR = YES;
				GCC_WARN_UNINITIALIZED_AUTOS = YES_AGGRESSIVE;
				GCC_WARN_UNUSED_FUNCTION = YES;
				GCC_WARN_UNUSED_VARIABLE = YES;
				IPHONEOS_DEPLOYMENT_TARGET = 17.2;
				LOCALIZATION_PREFERS_STRING_CATALOGS = YES;
				MTL_ENABLE_DEBUG_INFO = NO;
				MTL_FAST_MATH = YES;
				SDKROOT = iphoneos;
				SWIFT_COMPILATION_MODE = wholemodule;
				VALIDATE_PRODUCT = YES;
			};
			name = Release;
		};
		C33794BD2D00567500B1A5C3 /* Debug */ = {
			isa = XCBuildConfiguration;
			buildSettings = {
				ASSETCATALOG_COMPILER_APPICON_NAME = AppIcon;
				ASSETCATALOG_COMPILER_GLOBAL_ACCENT_COLOR_NAME = AccentColor;
				CODE_SIGN_STYLE = Automatic;
				CURRENT_PROJECT_VERSION = 1;
				GENERATE_INFOPLIST_FILE = YES;
				INFOPLIST_FILE = Forsa/Info.plist;
				INFOPLIST_KEY_UIApplicationSupportsIndirectInputEvents = YES;
				INFOPLIST_KEY_UILaunchStoryboardName = LaunchScreen;
				INFOPLIST_KEY_UIMainStoryboardFile = Main;
				INFOPLIST_KEY_UISupportedInterfaceOrientations_iPad = "UIInterfaceOrientationPortrait UIInterfaceOrientationPortraitUpsideDown UIInterfaceOrientationLandscapeLeft UIInterfaceOrientationLandscapeRight";
				INFOPLIST_KEY_UISupportedInterfaceOrientations_iPhone = "UIInterfaceOrientationPortrait UIInterfaceOrientationLandscapeLeft UIInterfaceOrientationLandscapeRight";
				LD_RUNPATH_SEARCH_PATHS = (
					"$(inherited)",
					"@executable_path/Frameworks",
				);
				MARKETING_VERSION = 1.0;
				PRODUCT_BUNDLE_IDENTIFIER = bp.Forsa;
				PRODUCT_NAME = "$(TARGET_NAME)";
				SWIFT_EMIT_LOC_STRINGS = YES;
				SWIFT_VERSION = 5.0;
				TARGETED_DEVICE_FAMILY = "1,2";
			};
			name = Debug;
		};
		C33794BE2D00567500B1A5C3 /* Release */ = {
			isa = XCBuildConfiguration;
			buildSettings = {
				ASSETCATALOG_COMPILER_APPICON_NAME = AppIcon;
				ASSETCATALOG_COMPILER_GLOBAL_ACCENT_COLOR_NAME = AccentColor;
				CODE_SIGN_STYLE = Automatic;
				CURRENT_PROJECT_VERSION = 1;
				GENERATE_INFOPLIST_FILE = YES;
				INFOPLIST_FILE = Forsa/Info.plist;
				INFOPLIST_KEY_UIApplicationSupportsIndirectInputEvents = YES;
				INFOPLIST_KEY_UILaunchStoryboardName = LaunchScreen;
				INFOPLIST_KEY_UIMainStoryboardFile = Main;
				INFOPLIST_KEY_UISupportedInterfaceOrientations_iPad = "UIInterfaceOrientationPortrait UIInterfaceOrientationPortraitUpsideDown UIInterfaceOrientationLandscapeLeft UIInterfaceOrientationLandscapeRight";
				INFOPLIST_KEY_UISupportedInterfaceOrientations_iPhone = "UIInterfaceOrientationPortrait UIInterfaceOrientationLandscapeLeft UIInterfaceOrientationLandscapeRight";
				LD_RUNPATH_SEARCH_PATHS = (
					"$(inherited)",
					"@executable_path/Frameworks",
				);
				MARKETING_VERSION = 1.0;
				PRODUCT_BUNDLE_IDENTIFIER = bp.Forsa;
				PRODUCT_NAME = "$(TARGET_NAME)";
				SWIFT_EMIT_LOC_STRINGS = YES;
				SWIFT_VERSION = 5.0;
				TARGETED_DEVICE_FAMILY = "1,2";
			};
			name = Release;
		};
		C33794C02D00567500B1A5C3 /* Debug */ = {
			isa = XCBuildConfiguration;
			buildSettings = {
				ALWAYS_EMBED_SWIFT_STANDARD_LIBRARIES = YES;
				BUNDLE_LOADER = "$(TEST_HOST)";
				CODE_SIGN_STYLE = Automatic;
				CURRENT_PROJECT_VERSION = 1;
				GENERATE_INFOPLIST_FILE = YES;
				IPHONEOS_DEPLOYMENT_TARGET = 17.2;
				MARKETING_VERSION = 1.0;
				PRODUCT_BUNDLE_IDENTIFIER = bp.ForsaTests;
				PRODUCT_NAME = "$(TARGET_NAME)";
				SWIFT_EMIT_LOC_STRINGS = NO;
				SWIFT_VERSION = 5.0;
				TARGETED_DEVICE_FAMILY = "1,2";
				TEST_HOST = "$(BUILT_PRODUCTS_DIR)/Forsa.app/$(BUNDLE_EXECUTABLE_FOLDER_PATH)/Forsa";
			};
			name = Debug;
		};
		C33794C12D00567500B1A5C3 /* Release */ = {
			isa = XCBuildConfiguration;
			buildSettings = {
				ALWAYS_EMBED_SWIFT_STANDARD_LIBRARIES = YES;
				BUNDLE_LOADER = "$(TEST_HOST)";
				CODE_SIGN_STYLE = Automatic;
				CURRENT_PROJECT_VERSION = 1;
				GENERATE_INFOPLIST_FILE = YES;
				IPHONEOS_DEPLOYMENT_TARGET = 17.2;
				MARKETING_VERSION = 1.0;
				PRODUCT_BUNDLE_IDENTIFIER = bp.ForsaTests;
				PRODUCT_NAME = "$(TARGET_NAME)";
				SWIFT_EMIT_LOC_STRINGS = NO;
				SWIFT_VERSION = 5.0;
				TARGETED_DEVICE_FAMILY = "1,2";
				TEST_HOST = "$(BUILT_PRODUCTS_DIR)/Forsa.app/$(BUNDLE_EXECUTABLE_FOLDER_PATH)/Forsa";
			};
			name = Release;
		};
		C33794C32D00567500B1A5C3 /* Debug */ = {
			isa = XCBuildConfiguration;
			buildSettings = {
				ALWAYS_EMBED_SWIFT_STANDARD_LIBRARIES = YES;
				CODE_SIGN_STYLE = Automatic;
				CURRENT_PROJECT_VERSION = 1;
				GENERATE_INFOPLIST_FILE = YES;
				MARKETING_VERSION = 1.0;
				PRODUCT_BUNDLE_IDENTIFIER = bp.ForsaUITests;
				PRODUCT_NAME = "$(TARGET_NAME)";
				SWIFT_EMIT_LOC_STRINGS = NO;
				SWIFT_VERSION = 5.0;
				TARGETED_DEVICE_FAMILY = "1,2";
				TEST_TARGET_NAME = Forsa;
			};
			name = Debug;
		};
		C33794C42D00567500B1A5C3 /* Release */ = {
			isa = XCBuildConfiguration;
			buildSettings = {
				ALWAYS_EMBED_SWIFT_STANDARD_LIBRARIES = YES;
				CODE_SIGN_STYLE = Automatic;
				CURRENT_PROJECT_VERSION = 1;
				GENERATE_INFOPLIST_FILE = YES;
				MARKETING_VERSION = 1.0;
				PRODUCT_BUNDLE_IDENTIFIER = bp.ForsaUITests;
				PRODUCT_NAME = "$(TARGET_NAME)";
				SWIFT_EMIT_LOC_STRINGS = NO;
				SWIFT_VERSION = 5.0;
				TARGETED_DEVICE_FAMILY = "1,2";
				TEST_TARGET_NAME = Forsa;
			};
			name = Release;
		};
/* End XCBuildConfiguration section */

/* Begin XCConfigurationList section */
		C337948D2D00567300B1A5C3 /* Build configuration list for PBXProject "Forsa" */ = {
			isa = XCConfigurationList;
			buildConfigurations = (
				C33794BA2D00567500B1A5C3 /* Debug */,
				C33794BB2D00567500B1A5C3 /* Release */,
			);
			defaultConfigurationIsVisible = 0;
			defaultConfigurationName = Release;
		};
		C33794BC2D00567500B1A5C3 /* Build configuration list for PBXNativeTarget "Forsa" */ = {
			isa = XCConfigurationList;
			buildConfigurations = (
				C33794BD2D00567500B1A5C3 /* Debug */,
				C33794BE2D00567500B1A5C3 /* Release */,
			);
			defaultConfigurationIsVisible = 0;
			defaultConfigurationName = Release;
		};
		C33794BF2D00567500B1A5C3 /* Build configuration list for PBXNativeTarget "ForsaTests" */ = {
			isa = XCConfigurationList;
			buildConfigurations = (
				C33794C02D00567500B1A5C3 /* Debug */,
				C33794C12D00567500B1A5C3 /* Release */,
			);
			defaultConfigurationIsVisible = 0;
			defaultConfigurationName = Release;
		};
		C33794C22D00567500B1A5C3 /* Build configuration list for PBXNativeTarget "ForsaUITests" */ = {
			isa = XCConfigurationList;
			buildConfigurations = (
				C33794C32D00567500B1A5C3 /* Debug */,
				C33794C42D00567500B1A5C3 /* Release */,
			);
			defaultConfigurationIsVisible = 0;
			defaultConfigurationName = Release;
		};
/* End XCConfigurationList section */
	};
	rootObject = C337948A2D00567300B1A5C3 /* Project object */;
}
